Microsoft Visual Studio Solution File, Format Version 12.00
Project("{9A19103F-16F7-4668-BE54-9A1E7A4F7556}") = "CatApi.DAL", "CatApi.DAL\CatApi.DAL.csproj", "{D4614A99-4362-4639-8D95-AA9AC553995A}"
EndProject
Project("{FAE04EC0-301F-11D3-BF4B-00C04F79EFBC}") = "CatApi.API.Tests", "CatApi.API.Tests\CatApi.API.Tests.csproj", "{12EFC67E-4197-4584-B1C3-C2BDE2F2E0C7}"
EndProject
Project("{FAE04EC0-301F-11D3-BF4B-00C04F79EFBC}") = "CatApi.API", "CatApi.API\CatApi.API.csproj", "{5048C700-21A6-4C3F-AFAB-7523D801BB93}"
EndProject
Global
	GlobalSection(SolutionConfigurationPlatforms) = preSolution
		Debug|Any CPU = Debug|Any CPU
		Release|Any CPU = Release|Any CPU
	EndGlobalSection
	GlobalSection(ProjectConfigurationPlatforms) = postSolution
		{D4614A99-4362-4639-8D95-AA9AC553995A}.Debug|Any CPU.ActiveCfg = Debug|Any CPU
		{D4614A99-4362-4639-8D95-AA9AC553995A}.Debug|Any CPU.Build.0 = Debug|Any CPU
		{D4614A99-4362-4639-8D95-AA9AC553995A}.Release|Any CPU.ActiveCfg = Release|Any CPU
		{D4614A99-4362-4639-8D95-AA9AC553995A}.Release|Any CPU.Build.0 = Release|Any CPU
		{12EFC67E-4197-4584-B1C3-C2BDE2F2E0C7}.Debug|Any CPU.ActiveCfg = Debug|Any CPU
		{12EFC67E-4197-4584-B1C3-C2BDE2F2E0C7}.Debug|Any CPU.Build.0 = Debug|Any CPU
		{12EFC67E-4197-4584-B1C3-C2BDE2F2E0C7}.Release|Any CPU.ActiveCfg = Release|Any CPU
		{12EFC67E-4197-4584-B1C3-C2BDE2F2E0C7}.Release|Any CPU.Build.0 = Release|Any CPU
		{5048C700-21A6-4C3F-AFAB-7523D801BB93}.Debug|Any CPU.ActiveCfg = Debug|Any CPU
		{5048C700-21A6-4C3F-AFAB-7523D801BB93}.Debug|Any CPU.Build.0 = Debug|Any CPU
		{5048C700-21A6-4C3F-AFAB-7523D801BB93}.Release|Any CPU.ActiveCfg = Release|Any CPU
		{5048C700-21A6-4C3F-AFAB-7523D801BB93}.Release|Any CPU.Build.0 = Release|Any CPU
	EndGlobalSection
	GlobalSection(SolutionProperties) = preSolution
		HideSolutionNode = FALSE
	EndGlobalSection
	GlobalSection(ExtensibilityGlobals) = postSolution
		SolutionGuid = {233AE61D-B92D-4E6E-817E-E39ECFAD6FE2}
	EndGlobalSection
EndGlobal
